
Microsoft Visual Studio Solution File, Format Version 12.00
# Visual Studio 15
VisualStudioVersion = 15.0.28010.2026
MinimumVisualStudioVersion = 10.0.40219.1
Project("{FAE04EC0-301F-11D3-BF4B-00C04F79EFBC}") = "Simulated annealing - Queens problem", "Simulated annealing - Queens problem\Simulated annealing - Queens problem.csproj", "{AEC3A680-E29A-4E77-BAD6-5E23FEB5EE2D}"
EndProject
Global
	GlobalSection(SolutionConfigurationPlatforms) = preSolution
		Debug|Any CPU = Debug|Any CPU
		Release|Any CPU = Release|Any CPU
	EndGlobalSection
	GlobalSection(ProjectConfigurationPlatforms) = postSolution
		{AEC3A680-E29A-4E77-BAD6-5E23FEB5EE2D}.Debug|Any CPU.ActiveCfg = Debug|Any CPU
		{AEC3A680-E29A-4E77-BAD6-5E23FEB5EE2D}.Debug|Any CPU.Build.0 = Debug|Any CPU
		{AEC3A680-E29A-4E77-BAD6-5E23FEB5EE2D}.Release|Any CPU.ActiveCfg = Release|Any CPU
		{AEC3A680-E29A-4E77-BAD6-5E23FEB5EE2D}.Release|Any CPU.Build.0 = Release|Any CPU
	EndGlobalSection
	GlobalSection(SolutionProperties) = preSolution
		HideSolutionNode = FALSE
	EndGlobalSection
	GlobalSection(ExtensibilityGlobals) = postSolution
		SolutionGuid = {60D4FFBE-6618-4F49-A600-9DE527C42493}
	EndGlobalSection
EndGlobal
